// !$*UTF8*$!
{
	archiveVersion = 1;
	classes = {
	};
	objectVersion = 50;
	objects = {

/* Begin PBXBuildFile section */
		7D23FA64266E448F00791CD4 /* AppDelegate.swift in Sources */ = {isa = PBXBuildFile; fileRef = 7D23FA63266E448F00791CD4 /* AppDelegate.swift */; };
		7D23FA66266E448F00791CD4 /* SceneDelegate.swift in Sources */ = {isa = PBXBuildFile; fileRef = 7D23FA65266E448F00791CD4 /* SceneDelegate.swift */; };
		7D23FA68266E448F00791CD4 /* ViewController.swift in Sources */ = {isa = PBXBuildFile; fileRef = 7D23FA67266E448F00791CD4 /* ViewController.swift */; };
		7D23FA6B266E448F00791CD4 /* Main.storyboard in Resources */ = {isa = PBXBuildFile; fileRef = 7D23FA69266E448F00791CD4 /* Main.storyboard */; };
		7D23FA6E266E448F00791CD4 /* WeGain.xcdatamodeld in Sources */ = {isa = PBXBuildFile; fileRef = 7D23FA6C266E448F00791CD4 /* WeGain.xcdatamodeld */; };
		7D23FA70266E449100791CD4 /* Assets.xcassets in Resources */ = {isa = PBXBuildFile; fileRef = 7D23FA6F266E449100791CD4 /* Assets.xcassets */; };
		7D23FA73266E449100791CD4 /* LaunchScreen.storyboard in Resources */ = {isa = PBXBuildFile; fileRef = 7D23FA71266E449100791CD4 /* LaunchScreen.storyboard */; };
/* End PBXBuildFile section */

/* Begin PBXFileReference section */
		7D23FA60266E448F00791CD4 /* WeGain.app */ = {isa = PBXFileReference; explicitFileType = wrapper.application; includeInIndex = 0; path = WeGain.app; sourceTree = BUILT_PRODUCTS_DIR; };
		7D23FA63266E448F00791CD4 /* AppDelegate.swift */ = {isa = PBXFileReference; lastKnownFileType = sourcecode.swift; path = AppDelegate.swift; sourceTree = "<group>"; };
		7D23FA65266E448F00791CD4 /* SceneDelegate.swift */ = {isa = PBXFileReference; lastKnownFileType = sourcecode.swift; path = SceneDelegate.swift; sourceTree = "<group>"; };
		7D23FA67266E448F00791CD4 /* ViewController.swift */ = {isa = PBXFileReference; lastKnownFileType = sourcecode.swift; path = ViewController.swift; sourceTree = "<group>"; };
		7D23FA6A266E448F00791CD4 /* Base */ = {isa = PBXFileReference; lastKnownFileType = file.storyboard; name = Base; path = Base.lproj/Main.storyboard; sourceTree = "<group>"; };
		7D23FA6D266E448F00791CD4 /* WeGain.xcdatamodel */ = {isa = PBXFileReference; lastKnownFileType = wrapper.xcdatamodel; path = WeGain.xcdatamodel; sourceTree = "<group>"; };
		7D23FA6F266E449100791CD4 /* Assets.xcassets */ = {isa = PBXFileReference; lastKnownFileType = folder.assetcatalog; path = Assets.xcassets; sourceTree = "<group>"; };
		7D23FA72266E449100791CD4 /* Base */ = {isa = PBXFileReference; lastKnownFileType = file.storyboard; name = Base; path = Base.lproj/LaunchScreen.storyboard; sourceTree = "<group>"; };
		7D23FA74266E449100791CD4 /* Info.plist */ = {isa = PBXFileReference; lastKnownFileType = text.plist.xml; path = Info.plist; sourceTree = "<group>"; };
/* End PBXFileReference section */

/* Begin PBXFrameworksBuildPhase section */
		7D23FA5D266E448F00791CD4 /* Frameworks */ = {
			isa = PBXFrameworksBuildPhase;
			buildActionMask = 2147483647;
			files = (
			);
			runOnlyForDeploymentPostprocessing = 0;
		};
/* End PBXFrameworksBuildPhase section */

/* Begin PBXGroup section */
		7D23FA57266E448F00791CD4 = {
			isa = PBXGroup;
			children = (
				7D23FA62266E448F00791CD4 /* WeGain */,
				7D23FA61266E448F00791CD4 /* Products */,
			);
			sourceTree = "<group>";
		};
		7D23FA61266E448F00791CD4 /* Products */ = {
			isa = PBXGroup;
			children = (
				7D23FA60266E448F00791CD4 /* WeGain.app */,
			);
			name = Products;
			sourceTree = "<group>";
		};
		7D23FA62266E448F00791CD4 /* WeGain */ = {
			isa = PBXGroup;
			children = (
				7D23FA63266E448F00791CD4 /* AppDelegate.swift */,
				7D23FA65266E448F00791CD4 /* SceneDelegate.swift */,
				7D23FA67266E448F00791CD4 /* ViewController.swift */,
				7D23FA69266E448F00791CD4 /* Main.storyboard */,
				7D23FA6F266E449100791CD4 /* Assets.xcassets */,
				7D23FA71266E449100791CD4 /* LaunchScreen.storyboard */,
				7D23FA74266E449100791CD4 /* Info.plist */,
				7D23FA6C266E448F00791CD4 /* WeGain.xcdatamodeld */,
			);
			path = WeGain;
			sourceTree = "<group>";
		};
/* End PBXGroup section */

/* Begin PBXNativeTarget section */
		7D23FA5F266E448F00791CD4 /* WeGain */ = {
			isa = PBXNativeTarget;
			buildConfigurationList = 7D23FA77266E449100791CD4 /* Build configuration list for PBXNativeTarget "WeGain" */;
			buildPhases = (
				7D23FA5C266E448F00791CD4 /* Sources */,
				7D23FA5D266E448F00791CD4 /* Frameworks */,
				7D23FA5E266E448F00791CD4 /* Resources */,
			);
			buildRules = (
			);
			dependencies = (
			);
			name = WeGain;
			productName = WeGain;
			productReference = 7D23FA60266E448F00791CD4 /* WeGain.app */;
			productType = "com.apple.product-type.application";
		};
/* End PBXNativeTarget section */

/* Begin PBXProject section */
		7D23FA58266E448F00791CD4 /* Project object */ = {
			isa = PBXProject;
			attributes = {
				LastSwiftUpdateCheck = 1250;
				LastUpgradeCheck = 1250;
				TargetAttributes = {
					7D23FA5F266E448F00791CD4 = {
						CreatedOnToolsVersion = 12.5;
					};
				};
			};
			buildConfigurationList = 7D23FA5B266E448F00791CD4 /* Build configuration list for PBXProject "WeGain" */;
			compatibilityVersion = "Xcode 9.3";
			developmentRegion = en;
			hasScannedForEncodings = 0;
			knownRegions = (
				en,
				Base,
			);
			mainGroup = 7D23FA57266E448F00791CD4;
			productRefGroup = 7D23FA61266E448F00791CD4 /* Products */;
			projectDirPath = "";
			projectRoot = "";
			targets = (
				7D23FA5F266E448F00791CD4 /* WeGain */,
			);
		};
/* End PBXProject section */

/* Begin PBXResourcesBuildPhase section */
		7D23FA5E266E448F00791CD4 /* Resources */ = {
			isa = PBXResourcesBuildPhase;
			buildActionMask = 2147483647;
			files = (
				7D23FA73266E449100791CD4 /* LaunchScreen.storyboard in Resources */,
				7D23FA70266E449100791CD4 /* Assets.xcassets in Resources */,
				7D23FA6B266E448F00791CD4 /* Main.storyboard in Resources */,
			);
			runOnlyForDeploymentPostprocessing = 0;
		};
/* End PBXResourcesBuildPhase section */

/* Begin PBXSourcesBuildPhase section */
		7D23FA5C266E448F00791CD4 /* Sources */ = {
			isa = PBXSourcesBuildPhase;
			buildActionMask = 2147483647;
			files = (
				7D23FA68266E448F00791CD4 /* ViewController.swift in Sources */,
				7D23FA64266E448F00791CD4 /* AppDelegate.swift in Sources */,
				7D23FA6E266E448F00791CD4 /* WeGain.xcdatamodeld in Sources */,
				7D23FA66266E448F00791CD4 /* SceneDelegate.swift in Sources */,
			);
			runOnlyForDeploymentPostprocessing = 0;
		};
/* End PBXSourcesBuildPhase section */

/* Begin PBXVariantGroup section */
		7D23FA69266E448F00791CD4 /* Main.storyboard */ = {
			isa = PBXVariantGroup;
			children = (
				7D23FA6A266E448F00791CD4 /* Base */,
			);
			name = Main.storyboard;
			sourceTree = "<group>";
		};
		7D23FA71266E449100791CD4 /* LaunchScreen.storyboard */ = {
			isa = PBXVariantGroup;
			children = (
				7D23FA72266E449100791CD4 /* Base */,
			);
			name = LaunchScreen.storyboard;
			sourceTree = "<group>";
		};
/* End PBXVariantGroup section */

/* Begin XCBuildConfiguration section */
		7D23FA75266E449100791CD4 /* Debug */ = {
			isa = XCBuildConfiguration;
			buildSettings = {
				ALWAYS_SEARCH_USER_PATHS = NO;
				CLANG_ANALYZER_NONNULL = YES;
				CLANG_ANALYZER_NUMBER_OBJECT_CONVERSION = YES_AGGRESSIVE;
				CLANG_CXX_LANGUAGE_STANDARD = "gnu++14";
				CLANG_CXX_LIBRARY = "libc++";
				CLANG_ENABLE_MODULES = YES;
				CLANG_ENABLE_OBJC_ARC = YES;
				CLANG_ENABLE_OBJC_WEAK = YES;
				CLANG_WARN_BLOCK_CAPTURE_AUTORELEASING = YES;
				CLANG_WARN_BOOL_CONVERSION = YES;
				CLANG_WARN_COMMA = YES;
				CLANG_WARN_CONSTANT_CONVERSION = YES;
				CLANG_WARN_DEPRECATED_OBJC_IMPLEMENTATIONS = YES;
				CLANG_WARN_DIRECT_OBJC_ISA_USAGE = YES_ERROR;
				CLANG_WARN_DOCUMENTATION_COMMENTS = YES;
				CLANG_WARN_EMPTY_BODY = YES;
				CLANG_WARN_ENUM_CONVERSION = YES;
				CLANG_WARN_INFINITE_RECURSION = YES;
				CLANG_WARN_INT_CONVERSION = YES;
				CLANG_WARN_NON_LITERAL_NULL_CONVERSION = YES;
				CLANG_WARN_OBJC_IMPLICIT_RETAIN_SELF = YES;
				CLANG_WARN_OBJC_LITERAL_CONVERSION = YES;
				CLANG_WARN_OBJC_ROOT_CLASS = YES_ERROR;
				CLANG_WARN_QUOTED_INCLUDE_IN_FRAMEWORK_HEADER = YES;
				CLANG_WARN_RANGE_LOOP_ANALYSIS = YES;
				CLANG_WARN_STRICT_PROTOTYPES = YES;
				CLANG_WARN_SUSPICIOUS_MOVE = YES;
				CLANG_WARN_UNGUARDED_AVAILABILITY = YES_AGGRESSIVE;
				CLANG_WARN_UNREACHABLE_CODE = YES;
				CLANG_WARN__DUPLICATE_METHOD_MATCH = YES;
				COPY_PHASE_STRIP = NO;
				DEBUG_INFORMATION_FORMAT = dwarf;
				ENABLE_STRICT_OBJC_MSGSEND = YES;
				ENABLE_TESTABILITY = YES;
				GCC_C_LANGUAGE_STANDARD = gnu11;
				GCC_DYNAMIC_NO_PIC = NO;
				GCC_NO_COMMON_BLOCKS = YES;
				GCC_OPTIMIZATION_LEVEL = 0;
				GCC_PREPROCESSOR_DEFINITIONS = (
					"DEBUG=1",
					"$(inherited)",
				);
				GCC_WARN_64_TO_32_BIT_CONVERSION = YES;
				GCC_WARN_ABOUT_RETURN_TYPE = YES_ERROR;
				GCC_WARN_UNDECLARED_SELECTOR = YES;
				GCC_WARN_UNINITIALIZED_AUTOS = YES_AGGRESSIVE;
				GCC_WARN_UNUSED_FUNCTION = YES;
				GCC_WARN_UNUSED_VARIABLE = YES;
				IPHONEOS_DEPLOYMENT_TARGET = 14.5;
				MTL_ENABLE_DEBUG_INFO = INCLUDE_SOURCE;
				MTL_FAST_MATH = YES;
				ONLY_ACTIVE_ARCH = YES;
				SDKROOT = iphoneos;
				SWIFT_ACTIVE_COMPILATION_CONDITIONS = DEBUG;
				SWIFT_OPTIMIZATION_LEVEL = "-Onone";
			};
			name = Debug;
		};
		7D23FA76266E449100791CD4 /* Release */ = {
			isa = XCBuildConfiguration;
			buildSettings = {
				ALWAYS_SEARCH_USER_PATHS = NO;
				CLANG_ANALYZER_NONNULL = YES;
				CLANG_ANALYZER_NUMBER_OBJECT_CONVERSION = YES_AGGRESSIVE;
				CLANG_CXX_LANGUAGE_STANDARD = "gnu++14";
				CLANG_CXX_LIBRARY = "libc++";
				CLANG_ENABLE_MODULES = YES;
				CLANG_ENABLE_OBJC_ARC = YES;
				CLANG_ENABLE_OBJC_WEAK = YES;
				CLANG_WARN_BLOCK_CAPTURE_AUTORELEASING = YES;
				CLANG_WARN_BOOL_CONVERSION = YES;
				CLANG_WARN_COMMA = YES;
				CLANG_WARN_CONSTANT_CONVERSION = YES;
				CLANG_WARN_DEPRECATED_OBJC_IMPLEMENTATIONS = YES;
				CLANG_WARN_DIRECT_OBJC_ISA_USAGE = YES_ERROR;
				CLANG_WARN_DOCUMENTATION_COMMENTS = YES;
				CLANG_WARN_EMPTY_BODY = YES;
				CLANG_WARN_ENUM_CONVERSION = YES;
				CLANG_WARN_INFINITE_RECURSION = YES;
				CLANG_WARN_INT_CONVERSION = YES;
				CLANG_WARN_NON_LITERAL_NULL_CONVERSION = YES;
				CLANG_WARN_OBJC_IMPLICIT_RETAIN_SELF = YES;
				CLANG_WARN_OBJC_LITERAL_CONVERSION = YES;
				CLANG_WARN_OBJC_ROOT_CLASS = YES_ERROR;
				CLANG_WARN_QUOTED_INCLUDE_IN_FRAMEWORK_HEADER = YES;
				CLANG_WARN_RANGE_LOOP_ANALYSIS = YES;
				CLANG_WARN_STRICT_PROTOTYPES = YES;
				CLANG_WARN_SUSPICIOUS_MOVE = YES;
				CLANG_WARN_UNGUARDED_AVAILABILITY = YES_AGGRESSIVE;
				CLANG_WARN_UNREACHABLE_CODE = YES;
				CLANG_WARN__DUPLICATE_METHOD_MATCH = YES;
				COPY_PHASE_STRIP = NO;
				DEBUG_INFORMATION_FORMAT = "dwarf-with-dsym";
				ENABLE_NS_ASSERTIONS = NO;
				ENABLE_STRICT_OBJC_MSGSEND = YES;
				GCC_C_LANGUAGE_STANDARD = gnu11;
				GCC_NO_COMMON_BLOCKS = YES;
				GCC_WARN_64_TO_32_BIT_CONVERSION = YES;
				GCC_WARN_ABOUT_RETURN_TYPE = YES_ERROR;
				GCC_WARN_UNDECLARED_SELECTOR = YES;
				GCC_WARN_UNINITIALIZED_AUTOS = YES_AGGRESSIVE;
				GCC_WARN_UNUSED_FUNCTION = YES;
				GCC_WARN_UNUSED_VARIABLE = YES;
				IPHONEOS_DEPLOYMENT_TARGET = 14.5;
				MTL_ENABLE_DEBUG_INFO = NO;
				MTL_FAST_MATH = YES;
				SDKROOT = iphoneos;
				SWIFT_COMPILATION_MODE = wholemodule;
				SWIFT_OPTIMIZATION_LEVEL = "-O";
				VALIDATE_PRODUCT = YES;
			};
			name = Release;
		};
		7D23FA78266E449100791CD4 /* Debug */ = {
			isa = XCBuildConfiguration;
			buildSettings = {
				ASSETCATALOG_COMPILER_APPICON_NAME = AppIcon;
				ASSETCATALOG_COMPILER_GLOBAL_ACCENT_COLOR_NAME = AccentColor;
				CODE_SIGN_STYLE = Automatic;
				DEVELOPMENT_TEAM = 6QH35NFSG6;
				INFOPLIST_FILE = WeGain/Info.plist;
				LD_RUNPATH_SEARCH_PATHS = (
					"$(inherited)",
					"@executable_path/Frameworks",
				);
				PRODUCT_BUNDLE_IDENTIFIER = AmonGus.WeGain;
				PRODUCT_NAME = "$(TARGET_NAME)";
				SWIFT_VERSION = 5.0;
				TARGETED_DEVICE_FAMILY = "1,2";
			};
			name = Debug;
		};
		7D23FA79266E449100791CD4 /* Release */ = {
			isa = XCBuildConfiguration;
			buildSettings = {
				ASSETCATALOG_COMPILER_APPICON_NAME = AppIcon;
				ASSETCATALOG_COMPILER_GLOBAL_ACCENT_COLOR_NAME = AccentColor;
				CODE_SIGN_STYLE = Automatic;
				DEVELOPMENT_TEAM = 6QH35NFSG6;
				INFOPLIST_FILE = WeGain/Info.plist;
				LD_RUNPATH_SEARCH_PATHS = (
					"$(inherited)",
					"@executable_path/Frameworks",
				);
				PRODUCT_BUNDLE_IDENTIFIER = AmonGus.WeGain;
				PRODUCT_NAME = "$(TARGET_NAME)";
				SWIFT_VERSION = 5.0;
				TARGETED_DEVICE_FAMILY = "1,2";
			};
			name = Release;
		};
/* End XCBuildConfiguration section */

/* Begin XCConfigurationList section */
		7D23FA5B266E448F00791CD4 /* Build configuration list for PBXProject "WeGain" */ = {
			isa = XCConfigurationList;
			buildConfigurations = (
				7D23FA75266E449100791CD4 /* Debug */,
				7D23FA76266E449100791CD4 /* Release */,
			);
			defaultConfigurationIsVisible = 0;
			defaultConfigurationName = Release;
		};
		7D23FA77266E449100791CD4 /* Build configuration list for PBXNativeTarget "WeGain" */ = {
			isa = XCConfigurationList;
			buildConfigurations = (
				7D23FA78266E449100791CD4 /* Debug */,
				7D23FA79266E449100791CD4 /* Release */,
			);
			defaultConfigurationIsVisible = 0;
			defaultConfigurationName = Release;
		};
/* End XCConfigurationList section */

/* Begin XCVersionGroup section */
		7D23FA6C266E448F00791CD4 /* WeGain.xcdatamodeld */ = {
			isa = XCVersionGroup;
			children = (
				7D23FA6D266E448F00791CD4 /* WeGain.xcdatamodel */,
			);
			currentVersion = 7D23FA6D266E448F00791CD4 /* WeGain.xcdatamodel */;
			path = WeGain.xcdatamodeld;
			sourceTree = "<group>";
			versionGroupType = wrapper.xcdatamodel;
		};
/* End XCVersionGroup section */
	};
	rootObject = 7D23FA58266E448F00791CD4 /* Project object */;
}
